// !$*UTF8*$!
{
	archiveVersion = 1;
	classes = {
	};
	objectVersion = 56;
	objects = {

/* Begin PBXBuildFile section */
		D75BE0DA29E4A20E00B986D0 /* AI_ChatApp.swift in Sources */ = {isa = PBXBuildFile; fileRef = D75BE0D929E4A20E00B986D0 /* AI_ChatApp.swift */; };
		D75BE0DC29E4A20E00B986D0 /* ChatView.swift in Sources */ = {isa = PBXBuildFile; fileRef = D75BE0DB29E4A20E00B986D0 /* ChatView.swift */; };
		D75BE0DE29E4A20F00B986D0 /* Assets.xcassets in Resources */ = {isa = PBXBuildFile; fileRef = D75BE0DD29E4A20F00B986D0 /* Assets.xcassets */; };
		D75BE0E129E4A20F00B986D0 /* Preview Assets.xcassets in Resources */ = {isa = PBXBuildFile; fileRef = D75BE0E029E4A20F00B986D0 /* Preview Assets.xcassets */; };
		D75BE0E829E4A33C00B986D0 /* ConversationsView.swift in Sources */ = {isa = PBXBuildFile; fileRef = D75BE0E729E4A33C00B986D0 /* ConversationsView.swift */; };
		D75BE0EA29E4ADD200B986D0 /* SettingsView.swift in Sources */ = {isa = PBXBuildFile; fileRef = D75BE0E929E4ADD200B986D0 /* SettingsView.swift */; };
		D75BE0EE29E4AE1300B986D0 /* ConversationRow.swift in Sources */ = {isa = PBXBuildFile; fileRef = D75BE0ED29E4AE1300B986D0 /* ConversationRow.swift */; };
		D75BE0F129E4AE9D00B986D0 /* Conversation.swift in Sources */ = {isa = PBXBuildFile; fileRef = D75BE0F029E4AE9D00B986D0 /* Conversation.swift */; };
		D75BE0F529E5E92000B986D0 /* ChatRow.swift in Sources */ = {isa = PBXBuildFile; fileRef = D75BE0F429E5E92000B986D0 /* ChatRow.swift */; };
		D75BE0F829E5F1EB00B986D0 /* LoadingButton.swift in Sources */ = {isa = PBXBuildFile; fileRef = D75BE0F729E5F1EB00B986D0 /* LoadingButton.swift */; };
		D75BE0FD29E604A900B986D0 /* TextFieldView.swift in Sources */ = {isa = PBXBuildFile; fileRef = D75BE0FC29E604A900B986D0 /* TextFieldView.swift */; };
		D75BE10029E67A7000B986D0 /* API.swift in Sources */ = {isa = PBXBuildFile; fileRef = D75BE0FF29E67A7000B986D0 /* API.swift */; };
		D75BE10229E67A7F00B986D0 /* Endpoint.swift in Sources */ = {isa = PBXBuildFile; fileRef = D75BE10129E67A7F00B986D0 /* Endpoint.swift */; };
		D75BE10529E6872B00B986D0 /* UserDefaultsExt.swift in Sources */ = {isa = PBXBuildFile; fileRef = D75BE10429E6872B00B986D0 /* UserDefaultsExt.swift */; };
		D75BE10929E74CC200B986D0 /* Message.swift in Sources */ = {isa = PBXBuildFile; fileRef = D75BE10829E74CC200B986D0 /* Message.swift */; };
		D75BE10C29E74D9A00B986D0 /* Response.swift in Sources */ = {isa = PBXBuildFile; fileRef = D75BE10B29E74D9A00B986D0 /* Response.swift */; };
		D75BE10E29E84E7200B986D0 /* LoadingChatRow.swift in Sources */ = {isa = PBXBuildFile; fileRef = D75BE10D29E84E7200B986D0 /* LoadingChatRow.swift */; };
		D75BE11029E88B2C00B986D0 /* ConversationPersistenceManager.swift in Sources */ = {isa = PBXBuildFile; fileRef = D75BE10F29E88B2C00B986D0 /* ConversationPersistenceManager.swift */; };
		D75BE11229E88E5B00B986D0 /* EditChatView.swift in Sources */ = {isa = PBXBuildFile; fileRef = D75BE11129E88E5B00B986D0 /* EditChatView.swift */; };
/* End PBXBuildFile section */

/* Begin PBXFileReference section */
		D75BE0D629E4A20E00B986D0 /* AI Chat.app */ = {isa = PBXFileReference; explicitFileType = wrapper.application; includeInIndex = 0; path = "AI Chat.app"; sourceTree = BUILT_PRODUCTS_DIR; };
		D75BE0D929E4A20E00B986D0 /* AI_ChatApp.swift */ = {isa = PBXFileReference; lastKnownFileType = sourcecode.swift; path = AI_ChatApp.swift; sourceTree = "<group>"; };
		D75BE0DB29E4A20E00B986D0 /* ChatView.swift */ = {isa = PBXFileReference; lastKnownFileType = sourcecode.swift; path = ChatView.swift; sourceTree = "<group>"; };
		D75BE0DD29E4A20F00B986D0 /* Assets.xcassets */ = {isa = PBXFileReference; lastKnownFileType = folder.assetcatalog; path = Assets.xcassets; sourceTree = "<group>"; };
		D75BE0E029E4A20F00B986D0 /* Preview Assets.xcassets */ = {isa = PBXFileReference; lastKnownFileType = folder.assetcatalog; path = "Preview Assets.xcassets"; sourceTree = "<group>"; };
		D75BE0E729E4A33C00B986D0 /* ConversationsView.swift */ = {isa = PBXFileReference; lastKnownFileType = sourcecode.swift; path = ConversationsView.swift; sourceTree = "<group>"; };
		D75BE0E929E4ADD200B986D0 /* SettingsView.swift */ = {isa = PBXFileReference; lastKnownFileType = sourcecode.swift; path = SettingsView.swift; sourceTree = "<group>"; };
		D75BE0ED29E4AE1300B986D0 /* ConversationRow.swift */ = {isa = PBXFileReference; lastKnownFileType = sourcecode.swift; path = ConversationRow.swift; sourceTree = "<group>"; };
		D75BE0F029E4AE9D00B986D0 /* Conversation.swift */ = {isa = PBXFileReference; lastKnownFileType = sourcecode.swift; path = Conversation.swift; sourceTree = "<group>"; };
		D75BE0F429E5E92000B986D0 /* ChatRow.swift */ = {isa = PBXFileReference; lastKnownFileType = sourcecode.swift; path = ChatRow.swift; sourceTree = "<group>"; };
		D75BE0F729E5F1EB00B986D0 /* LoadingButton.swift */ = {isa = PBXFileReference; lastKnownFileType = sourcecode.swift; path = LoadingButton.swift; sourceTree = "<group>"; };
		D75BE0FC29E604A900B986D0 /* TextFieldView.swift */ = {isa = PBXFileReference; lastKnownFileType = sourcecode.swift; path = TextFieldView.swift; sourceTree = "<group>"; };
		D75BE0FF29E67A7000B986D0 /* API.swift */ = {isa = PBXFileReference; lastKnownFileType = sourcecode.swift; path = API.swift; sourceTree = "<group>"; };
		D75BE10129E67A7F00B986D0 /* Endpoint.swift */ = {isa = PBXFileReference; lastKnownFileType = sourcecode.swift; path = Endpoint.swift; sourceTree = "<group>"; };
		D75BE10429E6872B00B986D0 /* UserDefaultsExt.swift */ = {isa = PBXFileReference; lastKnownFileType = sourcecode.swift; path = UserDefaultsExt.swift; sourceTree = "<group>"; };
		D75BE10829E74CC200B986D0 /* Message.swift */ = {isa = PBXFileReference; lastKnownFileType = sourcecode.swift; path = Message.swift; sourceTree = "<group>"; };
		D75BE10B29E74D9A00B986D0 /* Response.swift */ = {isa = PBXFileReference; lastKnownFileType = sourcecode.swift; path = Response.swift; sourceTree = "<group>"; };
		D75BE10D29E84E7200B986D0 /* LoadingChatRow.swift */ = {isa = PBXFileReference; lastKnownFileType = sourcecode.swift; path = LoadingChatRow.swift; sourceTree = "<group>"; };
		D75BE10F29E88B2C00B986D0 /* ConversationPersistenceManager.swift */ = {isa = PBXFileReference; lastKnownFileType = sourcecode.swift; path = ConversationPersistenceManager.swift; sourceTree = "<group>"; };
		D75BE11129E88E5B00B986D0 /* EditChatView.swift */ = {isa = PBXFileReference; lastKnownFileType = sourcecode.swift; path = EditChatView.swift; sourceTree = "<group>"; };
/* End PBXFileReference section */

/* Begin PBXFrameworksBuildPhase section */
		D75BE0D329E4A20E00B986D0 /* Frameworks */ = {
			isa = PBXFrameworksBuildPhase;
			buildActionMask = 2147483647;
			files = (
			);
			runOnlyForDeploymentPostprocessing = 0;
		};
/* End PBXFrameworksBuildPhase section */

/* Begin PBXGroup section */
		D75BE0CD29E4A20E00B986D0 = {
			isa = PBXGroup;
			children = (
				D75BE0D829E4A20E00B986D0 /* AI Chat */,
				D75BE0D729E4A20E00B986D0 /* Products */,
			);
			sourceTree = "<group>";
		};
		D75BE0D729E4A20E00B986D0 /* Products */ = {
			isa = PBXGroup;
			children = (
				D75BE0D629E4A20E00B986D0 /* AI Chat.app */,
			);
			name = Products;
			sourceTree = "<group>";
		};
		D75BE0D829E4A20E00B986D0 /* AI Chat */ = {
			isa = PBXGroup;
			children = (
				D75BE0FE29E67A3300B986D0 /* API */,
				D75BE10329E6871E00B986D0 /* Helpers */,
				D75BE0EF29E4AE3000B986D0 /* Models */,
				D75BE0EC29E4AE0200B986D0 /* Rows */,
				D75BE0F629E5F19100B986D0 /* Views */,
				D75BE0EB29E4ADFB00B986D0 /* Screens */,
				D75BE0D929E4A20E00B986D0 /* AI_ChatApp.swift */,
				D75BE0DD29E4A20F00B986D0 /* Assets.xcassets */,
				D75BE0DF29E4A20F00B986D0 /* Preview Content */,
			);
			path = "AI Chat";
			sourceTree = "<group>";
		};
		D75BE0DF29E4A20F00B986D0 /* Preview Content */ = {
			isa = PBXGroup;
			children = (
				D75BE0E029E4A20F00B986D0 /* Preview Assets.xcassets */,
			);
			path = "Preview Content";
			sourceTree = "<group>";
		};
		D75BE0EB29E4ADFB00B986D0 /* Screens */ = {
			isa = PBXGroup;
			children = (
				D75BE0DB29E4A20E00B986D0 /* ChatView.swift */,
				D75BE0E729E4A33C00B986D0 /* ConversationsView.swift */,
				D75BE11129E88E5B00B986D0 /* EditChatView.swift */,
				D75BE0E929E4ADD200B986D0 /* SettingsView.swift */,
			);
			path = Screens;
			sourceTree = "<group>";
		};
		D75BE0EC29E4AE0200B986D0 /* Rows */ = {
			isa = PBXGroup;
			children = (
				D75BE0F429E5E92000B986D0 /* ChatRow.swift */,
				D75BE0ED29E4AE1300B986D0 /* ConversationRow.swift */,
				D75BE10D29E84E7200B986D0 /* LoadingChatRow.swift */,
			);
			path = Rows;
			sourceTree = "<group>";
		};
		D75BE0EF29E4AE3000B986D0 /* Models */ = {
			isa = PBXGroup;
			children = (
				D75BE0F029E4AE9D00B986D0 /* Conversation.swift */,
				D75BE10829E74CC200B986D0 /* Message.swift */,
			);
			path = Models;
			sourceTree = "<group>";
		};
		D75BE0F629E5F19100B986D0 /* Views */ = {
			isa = PBXGroup;
			children = (
				D75BE0F729E5F1EB00B986D0 /* LoadingButton.swift */,
				D75BE0FC29E604A900B986D0 /* TextFieldView.swift */,
			);
			path = Views;
			sourceTree = "<group>";
		};
		D75BE0FE29E67A3300B986D0 /* API */ = {
			isa = PBXGroup;
			children = (
				D75BE0FF29E67A7000B986D0 /* API.swift */,
				D75BE10129E67A7F00B986D0 /* Endpoint.swift */,
				D75BE10B29E74D9A00B986D0 /* Response.swift */,
			);
			path = API;
			sourceTree = "<group>";
		};
		D75BE10329E6871E00B986D0 /* Helpers */ = {
			isa = PBXGroup;
			children = (
				D75BE10429E6872B00B986D0 /* UserDefaultsExt.swift */,
				D75BE10F29E88B2C00B986D0 /* ConversationPersistenceManager.swift */,
			);
			path = Helpers;
			sourceTree = "<group>";
		};
/* End PBXGroup section */

/* Begin PBXNativeTarget section */
		D75BE0D529E4A20E00B986D0 /* AI Chat */ = {
			isa = PBXNativeTarget;
			buildConfigurationList = D75BE0E429E4A20F00B986D0 /* Build configuration list for PBXNativeTarget "AI Chat" */;
			buildPhases = (
				D75BE0D229E4A20E00B986D0 /* Sources */,
				D75BE0D329E4A20E00B986D0 /* Frameworks */,
				D75BE0D429E4A20E00B986D0 /* Resources */,
			);
			buildRules = (
			);
			dependencies = (
			);
			name = "AI Chat";
			productName = "AI Chat";
			productReference = D75BE0D629E4A20E00B986D0 /* AI Chat.app */;
			productType = "com.apple.product-type.application";
		};
/* End PBXNativeTarget section */

/* Begin PBXProject section */
		D75BE0CE29E4A20E00B986D0 /* Project object */ = {
			isa = PBXProject;
			attributes = {
				BuildIndependentTargetsInParallel = 1;
				LastSwiftUpdateCheck = 1420;
				LastUpgradeCheck = 1420;
				TargetAttributes = {
					D75BE0D529E4A20E00B986D0 = {
						CreatedOnToolsVersion = 14.2;
					};
				};
			};
			buildConfigurationList = D75BE0D129E4A20E00B986D0 /* Build configuration list for PBXProject "AI Chat" */;
			compatibilityVersion = "Xcode 14.0";
			developmentRegion = en;
			hasScannedForEncodings = 0;
			knownRegions = (
				en,
				Base,
			);
			mainGroup = D75BE0CD29E4A20E00B986D0;
			productRefGroup = D75BE0D729E4A20E00B986D0 /* Products */;
			projectDirPath = "";
			projectRoot = "";
			targets = (
				D75BE0D529E4A20E00B986D0 /* AI Chat */,
			);
		};
/* End PBXProject section */

/* Begin PBXResourcesBuildPhase section */
		D75BE0D429E4A20E00B986D0 /* Resources */ = {
			isa = PBXResourcesBuildPhase;
			buildActionMask = 2147483647;
			files = (
				D75BE0E129E4A20F00B986D0 /* Preview Assets.xcassets in Resources */,
				D75BE0DE29E4A20F00B986D0 /* Assets.xcassets in Resources */,
			);
			runOnlyForDeploymentPostprocessing = 0;
		};
/* End PBXResourcesBuildPhase section */

/* Begin PBXSourcesBuildPhase section */
		D75BE0D229E4A20E00B986D0 /* Sources */ = {
			isa = PBXSourcesBuildPhase;
			buildActionMask = 2147483647;
			files = (
				D75BE10029E67A7000B986D0 /* API.swift in Sources */,
				D75BE0F129E4AE9D00B986D0 /* Conversation.swift in Sources */,
				D75BE0DC29E4A20E00B986D0 /* ChatView.swift in Sources */,
				D75BE0F829E5F1EB00B986D0 /* LoadingButton.swift in Sources */,
				D75BE10C29E74D9A00B986D0 /* Response.swift in Sources */,
				D75BE0EA29E4ADD200B986D0 /* SettingsView.swift in Sources */,
				D75BE0DA29E4A20E00B986D0 /* AI_ChatApp.swift in Sources */,
				D75BE0EE29E4AE1300B986D0 /* ConversationRow.swift in Sources */,
				D75BE0FD29E604A900B986D0 /* TextFieldView.swift in Sources */,
				D75BE10529E6872B00B986D0 /* UserDefaultsExt.swift in Sources */,
				D75BE11029E88B2C00B986D0 /* ConversationPersistenceManager.swift in Sources */,
				D75BE0F529E5E92000B986D0 /* ChatRow.swift in Sources */,
				D75BE0E829E4A33C00B986D0 /* ConversationsView.swift in Sources */,
				D75BE10E29E84E7200B986D0 /* LoadingChatRow.swift in Sources */,
				D75BE10229E67A7F00B986D0 /* Endpoint.swift in Sources */,
				D75BE10929E74CC200B986D0 /* Message.swift in Sources */,
				D75BE11229E88E5B00B986D0 /* EditChatView.swift in Sources */,
			);
			runOnlyForDeploymentPostprocessing = 0;
		};
/* End PBXSourcesBuildPhase section */

/* Begin XCBuildConfiguration section */
		D75BE0E229E4A20F00B986D0 /* Debug */ = {
			isa = XCBuildConfiguration;
			buildSettings = {
				ALWAYS_SEARCH_USER_PATHS = NO;
				CLANG_ANALYZER_NONNULL = YES;
				CLANG_ANALYZER_NUMBER_OBJECT_CONVERSION = YES_AGGRESSIVE;
				CLANG_CXX_LANGUAGE_STANDARD = "gnu++20";
				CLANG_ENABLE_MODULES = YES;
				CLANG_ENABLE_OBJC_ARC = YES;
				CLANG_ENABLE_OBJC_WEAK = YES;
				CLANG_WARN_BLOCK_CAPTURE_AUTORELEASING = YES;
				CLANG_WARN_BOOL_CONVERSION = YES;
				CLANG_WARN_COMMA = YES;
				CLANG_WARN_CONSTANT_CONVERSION = YES;
				CLANG_WARN_DEPRECATED_OBJC_IMPLEMENTATIONS = YES;
				CLANG_WARN_DIRECT_OBJC_ISA_USAGE = YES_ERROR;
				CLANG_WARN_DOCUMENTATION_COMMENTS = YES;
				CLANG_WARN_EMPTY_BODY = YES;
				CLANG_WARN_ENUM_CONVERSION = YES;
				CLANG_WARN_INFINITE_RECURSION = YES;
				CLANG_WARN_INT_CONVERSION = YES;
				CLANG_WARN_NON_LITERAL_NULL_CONVERSION = YES;
				CLANG_WARN_OBJC_IMPLICIT_RETAIN_SELF = YES;
				CLANG_WARN_OBJC_LITERAL_CONVERSION = YES;
				CLANG_WARN_OBJC_ROOT_CLASS = YES_ERROR;
				CLANG_WARN_QUOTED_INCLUDE_IN_FRAMEWORK_HEADER = YES;
				CLANG_WARN_RANGE_LOOP_ANALYSIS = YES;
				CLANG_WARN_STRICT_PROTOTYPES = YES;
				CLANG_WARN_SUSPICIOUS_MOVE = YES;
				CLANG_WARN_UNGUARDED_AVAILABILITY = YES_AGGRESSIVE;
				CLANG_WARN_UNREACHABLE_CODE = YES;
				CLANG_WARN__DUPLICATE_METHOD_MATCH = YES;
				COPY_PHASE_STRIP = NO;
				DEBUG_INFORMATION_FORMAT = dwarf;
				ENABLE_STRICT_OBJC_MSGSEND = YES;
				ENABLE_TESTABILITY = YES;
				GCC_C_LANGUAGE_STANDARD = gnu11;
				GCC_DYNAMIC_NO_PIC = NO;
				GCC_NO_COMMON_BLOCKS = YES;
				GCC_OPTIMIZATION_LEVEL = 0;
				GCC_PREPROCESSOR_DEFINITIONS = (
					"DEBUG=1",
					"$(inherited)",
				);
				GCC_WARN_64_TO_32_BIT_CONVERSION = YES;
				GCC_WARN_ABOUT_RETURN_TYPE = YES_ERROR;
				GCC_WARN_UNDECLARED_SELECTOR = YES;
				GCC_WARN_UNINITIALIZED_AUTOS = YES_AGGRESSIVE;
				GCC_WARN_UNUSED_FUNCTION = YES;
				GCC_WARN_UNUSED_VARIABLE = YES;
				IPHONEOS_DEPLOYMENT_TARGET = 16.2;
				MTL_ENABLE_DEBUG_INFO = INCLUDE_SOURCE;
				MTL_FAST_MATH = YES;
				ONLY_ACTIVE_ARCH = YES;
				SDKROOT = iphoneos;
				SWIFT_ACTIVE_COMPILATION_CONDITIONS = DEBUG;
				SWIFT_OPTIMIZATION_LEVEL = "-Onone";
			};
			name = Debug;
		};
		D75BE0E329E4A20F00B986D0 /* Release */ = {
			isa = XCBuildConfiguration;
			buildSettings = {
				ALWAYS_SEARCH_USER_PATHS = NO;
				CLANG_ANALYZER_NONNULL = YES;
				CLANG_ANALYZER_NUMBER_OBJECT_CONVERSION = YES_AGGRESSIVE;
				CLANG_CXX_LANGUAGE_STANDARD = "gnu++20";
				CLANG_ENABLE_MODULES = YES;
				CLANG_ENABLE_OBJC_ARC = YES;
				CLANG_ENABLE_OBJC_WEAK = YES;
				CLANG_WARN_BLOCK_CAPTURE_AUTORELEASING = YES;
				CLANG_WARN_BOOL_CONVERSION = YES;
				CLANG_WARN_COMMA = YES;
				CLANG_WARN_CONSTANT_CONVERSION = YES;
				CLANG_WARN_DEPRECATED_OBJC_IMPLEMENTATIONS = YES;
				CLANG_WARN_DIRECT_OBJC_ISA_USAGE = YES_ERROR;
				CLANG_WARN_DOCUMENTATION_COMMENTS = YES;
				CLANG_WARN_EMPTY_BODY = YES;
				CLANG_WARN_ENUM_CONVERSION = YES;
				CLANG_WARN_INFINITE_RECURSION = YES;
				CLANG_WARN_INT_CONVERSION = YES;
				CLANG_WARN_NON_LITERAL_NULL_CONVERSION = YES;
				CLANG_WARN_OBJC_IMPLICIT_RETAIN_SELF = YES;
				CLANG_WARN_OBJC_LITERAL_CONVERSION = YES;
				CLANG_WARN_OBJC_ROOT_CLASS = YES_ERROR;
				CLANG_WARN_QUOTED_INCLUDE_IN_FRAMEWORK_HEADER = YES;
				CLANG_WARN_RANGE_LOOP_ANALYSIS = YES;
				CLANG_WARN_STRICT_PROTOTYPES = YES;
				CLANG_WARN_SUSPICIOUS_MOVE = YES;
				CLANG_WARN_UNGUARDED_AVAILABILITY = YES_AGGRESSIVE;
				CLANG_WARN_UNREACHABLE_CODE = YES;
				CLANG_WARN__DUPLICATE_METHOD_MATCH = YES;
				COPY_PHASE_STRIP = NO;
				DEBUG_INFORMATION_FORMAT = "dwarf-with-dsym";
				ENABLE_NS_ASSERTIONS = NO;
				ENABLE_STRICT_OBJC_MSGSEND = YES;
				GCC_C_LANGUAGE_STANDARD = gnu11;
				GCC_NO_COMMON_BLOCKS = YES;
				GCC_WARN_64_TO_32_BIT_CONVERSION = YES;
				GCC_WARN_ABOUT_RETURN_TYPE = YES_ERROR;
				GCC_WARN_UNDECLARED_SELECTOR = YES;
				GCC_WARN_UNINITIALIZED_AUTOS = YES_AGGRESSIVE;
				GCC_WARN_UNUSED_FUNCTION = YES;
				GCC_WARN_UNUSED_VARIABLE = YES;
				IPHONEOS_DEPLOYMENT_TARGET = 16.2;
				MTL_ENABLE_DEBUG_INFO = NO;
				MTL_FAST_MATH = YES;
				SDKROOT = iphoneos;
				SWIFT_COMPILATION_MODE = wholemodule;
				SWIFT_OPTIMIZATION_LEVEL = "-O";
				VALIDATE_PRODUCT = YES;
			};
			name = Release;
		};
		D75BE0E529E4A20F00B986D0 /* Debug */ = {
			isa = XCBuildConfiguration;
			buildSettings = {
				ASSETCATALOG_COMPILER_APPICON_NAME = AppIcon;
				ASSETCATALOG_COMPILER_GLOBAL_ACCENT_COLOR_NAME = AccentColor;
				CODE_SIGN_STYLE = Automatic;
				CURRENT_PROJECT_VERSION = 1;
				DEVELOPMENT_ASSET_PATHS = "\"AI Chat/Preview Content\"";
				DEVELOPMENT_TEAM = 8W6Q8TKCZ3;
				ENABLE_PREVIEWS = YES;
				GENERATE_INFOPLIST_FILE = YES;
				INFOPLIST_KEY_UIApplicationSceneManifest_Generation = YES;
				INFOPLIST_KEY_UIApplicationSupportsIndirectInputEvents = YES;
				INFOPLIST_KEY_UILaunchScreen_Generation = YES;
				INFOPLIST_KEY_UISupportedInterfaceOrientations_iPad = "UIInterfaceOrientationPortrait UIInterfaceOrientationPortraitUpsideDown UIInterfaceOrientationLandscapeLeft UIInterfaceOrientationLandscapeRight";
				INFOPLIST_KEY_UISupportedInterfaceOrientations_iPhone = "UIInterfaceOrientationPortrait UIInterfaceOrientationLandscapeLeft UIInterfaceOrientationLandscapeRight";
				LD_RUNPATH_SEARCH_PATHS = (
					"$(inherited)",
					"@executable_path/Frameworks",
				);
				MARKETING_VERSION = 1.0;
				PRODUCT_BUNDLE_IDENTIFIER = "dev.wigmo.AI-Chat";
				PRODUCT_NAME = "$(TARGET_NAME)";
				SWIFT_EMIT_LOC_STRINGS = YES;
				SWIFT_VERSION = 5.0;
				TARGETED_DEVICE_FAMILY = "1,2";
			};
			name = Debug;
		};
		D75BE0E629E4A20F00B986D0 /* Release */ = {
			isa = XCBuildConfiguration;
			buildSettings = {
				ASSETCATALOG_COMPILER_APPICON_NAME = AppIcon;
				ASSETCATALOG_COMPILER_GLOBAL_ACCENT_COLOR_NAME = AccentColor;
				CODE_SIGN_STYLE = Automatic;
				CURRENT_PROJECT_VERSION = 1;
				DEVELOPMENT_ASSET_PATHS = "\"AI Chat/Preview Content\"";
				DEVELOPMENT_TEAM = 8W6Q8TKCZ3;
				ENABLE_PREVIEWS = YES;
				GENERATE_INFOPLIST_FILE = YES;
				INFOPLIST_KEY_UIApplicationSceneManifest_Generation = YES;
				INFOPLIST_KEY_UIApplicationSupportsIndirectInputEvents = YES;
				INFOPLIST_KEY_UILaunchScreen_Generation = YES;
				INFOPLIST_KEY_UISupportedInterfaceOrientations_iPad = "UIInterfaceOrientationPortrait UIInterfaceOrientationPortraitUpsideDown UIInterfaceOrientationLandscapeLeft UIInterfaceOrientationLandscapeRight";
				INFOPLIST_KEY_UISupportedInterfaceOrientations_iPhone = "UIInterfaceOrientationPortrait UIInterfaceOrientationLandscapeLeft UIInterfaceOrientationLandscapeRight";
				LD_RUNPATH_SEARCH_PATHS = (
					"$(inherited)",
					"@executable_path/Frameworks",
				);
				MARKETING_VERSION = 1.0;
				PRODUCT_BUNDLE_IDENTIFIER = "dev.wigmo.AI-Chat";
				PRODUCT_NAME = "$(TARGET_NAME)";
				SWIFT_EMIT_LOC_STRINGS = YES;
				SWIFT_VERSION = 5.0;
				TARGETED_DEVICE_FAMILY = "1,2";
			};
			name = Release;
		};
/* End XCBuildConfiguration section */

/* Begin XCConfigurationList section */
		D75BE0D129E4A20E00B986D0 /* Build configuration list for PBXProject "AI Chat" */ = {
			isa = XCConfigurationList;
			buildConfigurations = (
				D75BE0E229E4A20F00B986D0 /* Debug */,
				D75BE0E329E4A20F00B986D0 /* Release */,
			);
			defaultConfigurationIsVisible = 0;
			defaultConfigurationName = Release;
		};
		D75BE0E429E4A20F00B986D0 /* Build configuration list for PBXNativeTarget "AI Chat" */ = {
			isa = XCConfigurationList;
			buildConfigurations = (
				D75BE0E529E4A20F00B986D0 /* Debug */,
				D75BE0E629E4A20F00B986D0 /* Release */,
			);
			defaultConfigurationIsVisible = 0;
			defaultConfigurationName = Release;
		};
/* End XCConfigurationList section */
	};
	rootObject = D75BE0CE29E4A20E00B986D0 /* Project object */;
}
